
Microsoft Visual Studio Solution File, Format Version 12.00
Project("{FAE04EC0-301F-11D3-BF4B-00C04F79EFBC}") = "CoreWars.Competition", "CoreWars.Competition\CoreWars.Competition.csproj", "{C457B506-E09E-4890-A6EA-0EC810A66114}"
EndProject
Project("{FAE04EC0-301F-11D3-BF4B-00C04F79EFBC}") = "CoreWars.Common", "CoreWars.Common\CoreWars.Common.csproj", "{94A0D6BE-39F2-48B7-A922-E4B19FF64E48}"
EndProject
Project("{FAE04EC0-301F-11D3-BF4B-00C04F79EFBC}") = "CoreWars.Scripting", "CoreWars.Scripting\CoreWars.Scripting.csproj", "{E225E303-60BD-495C-85C8-D29531E92660}"
EndProject
Project("{FAE04EC0-301F-11D3-BF4B-00C04F79EFBC}") = "CoreWars.Scripting.Python", "CoreWars.Scripting.Python\CoreWars.Scripting.Python.csproj", "{76241FD8-2AAF-42BD-8377-8BA5F79A6C12}"
EndProject
Project("{FAE04EC0-301F-11D3-BF4B-00C04F79EFBC}") = "CoreWars.Scripting.Python.Tests", "CoreWars.Scripting.Python.Tests\CoreWars.Scripting.Python.Tests.csproj", "{613A65AB-BF27-4F42-95B3-46B33B91F647}"
EndProject
Project("{FAE04EC0-301F-11D3-BF4B-00C04F79EFBC}") = "PrisonerDilemma", "PrisonerDilemma\PrisonerDilemma\PrisonerDilemma.csproj", "{B98EAF33-42A0-4BBD-84A1-BBA3D41B1111}"
EndProject
Project("{2150E333-8FDC-42A3-9474-1A3956D46DE8}") = "PrisonerDilemma", "PrisonerDilemma", "{D4015C08-3824-4BCD-A76F-E01255142F1A}"
EndProject
Project("{FAE04EC0-301F-11D3-BF4B-00C04F79EFBC}") = "PrisonerDIlemma.Tests", "PrisonerDilemma\PrisonerDIlemma.Tests\PrisonerDIlemma.Tests.csproj", "{C4429057-0291-4D5D-8D70-AFAB76257E16}"
EndProject
Project("{FAE04EC0-301F-11D3-BF4B-00C04F79EFBC}") = "CoreWars.Coordination", "CoreWars.Coordination\CoreWars.Coordination.csproj", "{7E3DD35B-A504-45F9-9991-3B0323FAA09C}"
EndProject
Project("{FAE04EC0-301F-11D3-BF4B-00C04F79EFBC}") = "CoreWars.Player", "CoreWars.Player\CoreWars.Player.csproj", "{85C9A730-D238-4DB6-8851-A75F82D2CB91}"
EndProject
Project("{FAE04EC0-301F-11D3-BF4B-00C04F79EFBC}") = "CoreWars.Coordination.Tests", "CoreWars.Coordination.Tests\CoreWars.Coordination.Tests.csproj", "{1579AB10-0CCD-4F9B-8A21-FAEB87BD9790}"
EndProject
Project("{FAE04EC0-301F-11D3-BF4B-00C04F79EFBC}") = "CoreWars.WebApp", "CoreWars.WebApp\CoreWars.WebApp.csproj", "{A7551C34-6555-4440-A57F-7C745508CD63}"
EndProject
Global
	GlobalSection(SolutionConfigurationPlatforms) = preSolution
		Debug|Any CPU = Debug|Any CPU
		Release|Any CPU = Release|Any CPU
	EndGlobalSection
	GlobalSection(ProjectConfigurationPlatforms) = postSolution
		{C457B506-E09E-4890-A6EA-0EC810A66114}.Debug|Any CPU.ActiveCfg = Debug|Any CPU
		{C457B506-E09E-4890-A6EA-0EC810A66114}.Debug|Any CPU.Build.0 = Debug|Any CPU
		{C457B506-E09E-4890-A6EA-0EC810A66114}.Release|Any CPU.ActiveCfg = Release|Any CPU
		{C457B506-E09E-4890-A6EA-0EC810A66114}.Release|Any CPU.Build.0 = Release|Any CPU
		{94A0D6BE-39F2-48B7-A922-E4B19FF64E48}.Debug|Any CPU.ActiveCfg = Debug|Any CPU
		{94A0D6BE-39F2-48B7-A922-E4B19FF64E48}.Debug|Any CPU.Build.0 = Debug|Any CPU
		{94A0D6BE-39F2-48B7-A922-E4B19FF64E48}.Release|Any CPU.ActiveCfg = Release|Any CPU
		{94A0D6BE-39F2-48B7-A922-E4B19FF64E48}.Release|Any CPU.Build.0 = Release|Any CPU
		{E225E303-60BD-495C-85C8-D29531E92660}.Debug|Any CPU.ActiveCfg = Debug|Any CPU
		{E225E303-60BD-495C-85C8-D29531E92660}.Debug|Any CPU.Build.0 = Debug|Any CPU
		{E225E303-60BD-495C-85C8-D29531E92660}.Release|Any CPU.ActiveCfg = Release|Any CPU
		{E225E303-60BD-495C-85C8-D29531E92660}.Release|Any CPU.Build.0 = Release|Any CPU
		{76241FD8-2AAF-42BD-8377-8BA5F79A6C12}.Debug|Any CPU.ActiveCfg = Debug|Any CPU
		{76241FD8-2AAF-42BD-8377-8BA5F79A6C12}.Debug|Any CPU.Build.0 = Debug|Any CPU
		{76241FD8-2AAF-42BD-8377-8BA5F79A6C12}.Release|Any CPU.ActiveCfg = Release|Any CPU
		{76241FD8-2AAF-42BD-8377-8BA5F79A6C12}.Release|Any CPU.Build.0 = Release|Any CPU
		{613A65AB-BF27-4F42-95B3-46B33B91F647}.Debug|Any CPU.ActiveCfg = Debug|Any CPU
		{613A65AB-BF27-4F42-95B3-46B33B91F647}.Debug|Any CPU.Build.0 = Debug|Any CPU
		{613A65AB-BF27-4F42-95B3-46B33B91F647}.Release|Any CPU.ActiveCfg = Release|Any CPU
		{613A65AB-BF27-4F42-95B3-46B33B91F647}.Release|Any CPU.Build.0 = Release|Any CPU
		{B98EAF33-42A0-4BBD-84A1-BBA3D41B1111}.Debug|Any CPU.ActiveCfg = Debug|Any CPU
		{B98EAF33-42A0-4BBD-84A1-BBA3D41B1111}.Debug|Any CPU.Build.0 = Debug|Any CPU
		{B98EAF33-42A0-4BBD-84A1-BBA3D41B1111}.Release|Any CPU.ActiveCfg = Release|Any CPU
		{B98EAF33-42A0-4BBD-84A1-BBA3D41B1111}.Release|Any CPU.Build.0 = Release|Any CPU
		{C4429057-0291-4D5D-8D70-AFAB76257E16}.Debug|Any CPU.ActiveCfg = Debug|Any CPU
		{C4429057-0291-4D5D-8D70-AFAB76257E16}.Debug|Any CPU.Build.0 = Debug|Any CPU
		{C4429057-0291-4D5D-8D70-AFAB76257E16}.Release|Any CPU.ActiveCfg = Release|Any CPU
		{C4429057-0291-4D5D-8D70-AFAB76257E16}.Release|Any CPU.Build.0 = Release|Any CPU
		{7E3DD35B-A504-45F9-9991-3B0323FAA09C}.Debug|Any CPU.ActiveCfg = Debug|Any CPU
		{7E3DD35B-A504-45F9-9991-3B0323FAA09C}.Debug|Any CPU.Build.0 = Debug|Any CPU
		{7E3DD35B-A504-45F9-9991-3B0323FAA09C}.Release|Any CPU.ActiveCfg = Release|Any CPU
		{7E3DD35B-A504-45F9-9991-3B0323FAA09C}.Release|Any CPU.Build.0 = Release|Any CPU
		{85C9A730-D238-4DB6-8851-A75F82D2CB91}.Debug|Any CPU.ActiveCfg = Debug|Any CPU
		{85C9A730-D238-4DB6-8851-A75F82D2CB91}.Debug|Any CPU.Build.0 = Debug|Any CPU
		{85C9A730-D238-4DB6-8851-A75F82D2CB91}.Release|Any CPU.ActiveCfg = Release|Any CPU
		{85C9A730-D238-4DB6-8851-A75F82D2CB91}.Release|Any CPU.Build.0 = Release|Any CPU
		{1579AB10-0CCD-4F9B-8A21-FAEB87BD9790}.Debug|Any CPU.ActiveCfg = Debug|Any CPU
		{1579AB10-0CCD-4F9B-8A21-FAEB87BD9790}.Debug|Any CPU.Build.0 = Debug|Any CPU
		{1579AB10-0CCD-4F9B-8A21-FAEB87BD9790}.Release|Any CPU.ActiveCfg = Release|Any CPU
		{1579AB10-0CCD-4F9B-8A21-FAEB87BD9790}.Release|Any CPU.Build.0 = Release|Any CPU
		{A7551C34-6555-4440-A57F-7C745508CD63}.Debug|Any CPU.ActiveCfg = Debug|Any CPU
		{A7551C34-6555-4440-A57F-7C745508CD63}.Debug|Any CPU.Build.0 = Debug|Any CPU
		{A7551C34-6555-4440-A57F-7C745508CD63}.Release|Any CPU.ActiveCfg = Release|Any CPU
		{A7551C34-6555-4440-A57F-7C745508CD63}.Release|Any CPU.Build.0 = Release|Any CPU
	EndGlobalSection
	GlobalSection(NestedProjects) = preSolution
		{B98EAF33-42A0-4BBD-84A1-BBA3D41B1111} = {D4015C08-3824-4BCD-A76F-E01255142F1A}
		{C4429057-0291-4D5D-8D70-AFAB76257E16} = {D4015C08-3824-4BCD-A76F-E01255142F1A}
	EndGlobalSection
EndGlobal
